
Microsoft Visual Studio Solution File, Format Version 12.00
# Visual Studio 15
VisualStudioVersion = 15.0.27130.2027
MinimumVisualStudioVersion = 10.0.40219.1
Project("{FAE04EC0-301F-11D3-BF4B-00C04F79EFBC}") = "Tests", "Tests\Tests.csproj", "{DFCD5E90-C850-4F62-82B7-1B5535946702}"
EndProject
Project("{FAE04EC0-301F-11D3-BF4B-00C04F79EFBC}") = "SubtitlesResyncCore", "SubtitlesResyncCoreWeb\SubtitlesResyncCore.csproj", "{C0A6F1E0-F9C9-4AB8-ACA9-69501A3DC02D}"
EndProject
Project("{2150E333-8FDC-42A3-9474-1A3956D46DE8}") = "SubtitlesExamples", "SubtitlesExamples", "{9157A2BE-504D-4114-9EF4-26CCD4EDB2AC}"
	ProjectSection(SolutionItems) = preProject
		ShapeOfWaterEng.txt = ShapeOfWaterEng.txt
		ShapeOfWaterHeb.txt = ShapeOfWaterHeb.txt
	EndProjectSection
EndProject
Global
	GlobalSection(SolutionConfigurationPlatforms) = preSolution
		Debug|Any CPU = Debug|Any CPU
		Release|Any CPU = Release|Any CPU
	EndGlobalSection
	GlobalSection(ProjectConfigurationPlatforms) = postSolution
		{DFCD5E90-C850-4F62-82B7-1B5535946702}.Debug|Any CPU.ActiveCfg = Debug|Any CPU
		{DFCD5E90-C850-4F62-82B7-1B5535946702}.Debug|Any CPU.Build.0 = Debug|Any CPU
		{DFCD5E90-C850-4F62-82B7-1B5535946702}.Release|Any CPU.ActiveCfg = Release|Any CPU
		{DFCD5E90-C850-4F62-82B7-1B5535946702}.Release|Any CPU.Build.0 = Release|Any CPU
		{C0A6F1E0-F9C9-4AB8-ACA9-69501A3DC02D}.Debug|Any CPU.ActiveCfg = Debug|Any CPU
		{C0A6F1E0-F9C9-4AB8-ACA9-69501A3DC02D}.Debug|Any CPU.Build.0 = Debug|Any CPU
		{C0A6F1E0-F9C9-4AB8-ACA9-69501A3DC02D}.Release|Any CPU.ActiveCfg = Release|Any CPU
		{C0A6F1E0-F9C9-4AB8-ACA9-69501A3DC02D}.Release|Any CPU.Build.0 = Release|Any CPU
	EndGlobalSection
	GlobalSection(SolutionProperties) = preSolution
		HideSolutionNode = FALSE
	EndGlobalSection
	GlobalSection(ExtensibilityGlobals) = postSolution
		SolutionGuid = {AE331595-83A4-439B-A767-1D36CE9E22A6}
	EndGlobalSection
EndGlobal
